
Microsoft Visual Studio Solution File, Format Version 12.00
# Visual Studio Version 17
VisualStudioVersion = 17.6.33829.357
MinimumVisualStudioVersion = 10.0.40219.1
Project("{FAE04EC0-301F-11D3-BF4B-00C04F79EFBC}") = "ORMDAPPER", "ORMDAPPER.csproj", "{AA94B74D-8EFC-45A0-ACC7-7DFBEE77694D}"
EndProject
Global
	GlobalSection(SolutionConfigurationPlatforms) = preSolution
		Debug|Any CPU = Debug|Any CPU
		Release|Any CPU = Release|Any CPU
	EndGlobalSection
	GlobalSection(ProjectConfigurationPlatforms) = postSolution
		{AA94B74D-8EFC-45A0-ACC7-7DFBEE77694D}.Debug|Any CPU.ActiveCfg = Debug|Any CPU
		{AA94B74D-8EFC-45A0-ACC7-7DFBEE77694D}.Debug|Any CPU.Build.0 = Debug|Any CPU
		{AA94B74D-8EFC-45A0-ACC7-7DFBEE77694D}.Release|Any CPU.ActiveCfg = Release|Any CPU
		{AA94B74D-8EFC-45A0-ACC7-7DFBEE77694D}.Release|Any CPU.Build.0 = Release|Any CPU
	EndGlobalSection
	GlobalSection(SolutionProperties) = preSolution
		HideSolutionNode = FALSE
	EndGlobalSection
	GlobalSection(ExtensibilityGlobals) = postSolution
		SolutionGuid = {11DE1BC1-A9AD-4323-BB72-8F85ADE55350}
	EndGlobalSection
EndGlobal
